// !$*UTF8*$!
{
	archiveVersion = 1;
	classes = {
	};
	objectVersion = 46;
	objects = {

/* Begin PBXBuildFile section */
		7AC4812B1B16AD760099702F /* main.m in Sources */ = {isa = PBXBuildFile; fileRef = 7AC4812A1B16AD760099702F /* main.m */; };
		7AC4812E1B16AD760099702F /* AppDelegate.m in Sources */ = {isa = PBXBuildFile; fileRef = 7AC4812D1B16AD760099702F /* AppDelegate.m */; };
		7AC481311B16AD760099702F /* QRCaptureViewController.m in Sources */ = {isa = PBXBuildFile; fileRef = 7AC481301B16AD760099702F /* QRCaptureViewController.m */; };
		7AC481341B16AD760099702F /* Main.storyboard in Resources */ = {isa = PBXBuildFile; fileRef = 7AC481321B16AD760099702F /* Main.storyboard */; };
		7AC481361B16AD760099702F /* Images.xcassets in Resources */ = {isa = PBXBuildFile; fileRef = 7AC481351B16AD760099702F /* Images.xcassets */; };
		7AC481391B16AD760099702F /* LaunchScreen.xib in Resources */ = {isa = PBXBuildFile; fileRef = 7AC481371B16AD760099702F /* LaunchScreen.xib */; };
		7AC481451B16AD760099702F /* QRCaptureTests.m in Sources */ = {isa = PBXBuildFile; fileRef = 7AC481441B16AD760099702F /* QRCaptureTests.m */; };
		7AC481501B16AF550099702F /* QRCapturePreview.m in Sources */ = {isa = PBXBuildFile; fileRef = 7AC4814F1B16AF550099702F /* QRCapturePreview.m */; };
/* End PBXBuildFile section */

/* Begin PBXContainerItemProxy section */
		7AC4813F1B16AD760099702F /* PBXContainerItemProxy */ = {
			isa = PBXContainerItemProxy;
			containerPortal = 7AC4811D1B16AD760099702F /* Project object */;
			proxyType = 1;
			remoteGlobalIDString = 7AC481241B16AD760099702F;
			remoteInfo = QRCapture;
		};
/* End PBXContainerItemProxy section */

/* Begin PBXFileReference section */
		7AC481251B16AD760099702F /* QRCapture.app */ = {isa = PBXFileReference; explicitFileType = wrapper.application; includeInIndex = 0; path = QRCapture.app; sourceTree = BUILT_PRODUCTS_DIR; };
		7AC481291B16AD760099702F /* Info.plist */ = {isa = PBXFileReference; lastKnownFileType = text.plist.xml; path = Info.plist; sourceTree = "<group>"; };
		7AC4812A1B16AD760099702F /* main.m */ = {isa = PBXFileReference; lastKnownFileType = sourcecode.c.objc; path = main.m; sourceTree = "<group>"; };
		7AC4812C1B16AD760099702F /* AppDelegate.h */ = {isa = PBXFileReference; lastKnownFileType = sourcecode.c.h; path = AppDelegate.h; sourceTree = "<group>"; };
		7AC4812D1B16AD760099702F /* AppDelegate.m */ = {isa = PBXFileReference; lastKnownFileType = sourcecode.c.objc; path = AppDelegate.m; sourceTree = "<group>"; };
		7AC4812F1B16AD760099702F /* QRCaptureViewController.h */ = {isa = PBXFileReference; lastKnownFileType = sourcecode.c.h; path = QRCaptureViewController.h; sourceTree = "<group>"; };
		7AC481301B16AD760099702F /* QRCaptureViewController.m */ = {isa = PBXFileReference; lastKnownFileType = sourcecode.c.objc; path = QRCaptureViewController.m; sourceTree = "<group>"; };
		7AC481331B16AD760099702F /* Base */ = {isa = PBXFileReference; lastKnownFileType = file.storyboard; name = Base; path = Base.lproj/Main.storyboard; sourceTree = "<group>"; };
		7AC481351B16AD760099702F /* Images.xcassets */ = {isa = PBXFileReference; lastKnownFileType = folder.assetcatalog; path = Images.xcassets; sourceTree = "<group>"; };
		7AC481381B16AD760099702F /* Base */ = {isa = PBXFileReference; lastKnownFileType = file.xib; name = Base; path = Base.lproj/LaunchScreen.xib; sourceTree = "<group>"; };
		7AC4813E1B16AD760099702F /* QRCaptureTests.xctest */ = {isa = PBXFileReference; explicitFileType = wrapper.cfbundle; includeInIndex = 0; path = QRCaptureTests.xctest; sourceTree = BUILT_PRODUCTS_DIR; };
		7AC481431B16AD760099702F /* Info.plist */ = {isa = PBXFileReference; lastKnownFileType = text.plist.xml; path = Info.plist; sourceTree = "<group>"; };
		7AC481441B16AD760099702F /* QRCaptureTests.m */ = {isa = PBXFileReference; lastKnownFileType = sourcecode.c.objc; path = QRCaptureTests.m; sourceTree = "<group>"; };
		7AC4814E1B16AF550099702F /* QRCapturePreview.h */ = {isa = PBXFileReference; fileEncoding = 4; lastKnownFileType = sourcecode.c.h; path = QRCapturePreview.h; sourceTree = "<group>"; };
		7AC4814F1B16AF550099702F /* QRCapturePreview.m */ = {isa = PBXFileReference; fileEncoding = 4; lastKnownFileType = sourcecode.c.objc; path = QRCapturePreview.m; sourceTree = "<group>"; };
/* End PBXFileReference section */

/* Begin PBXFrameworksBuildPhase section */
		7AC481221B16AD760099702F /* Frameworks */ = {
			isa = PBXFrameworksBuildPhase;
			buildActionMask = 2147483647;
			files = (
			);
			runOnlyForDeploymentPostprocessing = 0;
		};
		7AC4813B1B16AD760099702F /* Frameworks */ = {
			isa = PBXFrameworksBuildPhase;
			buildActionMask = 2147483647;
			files = (
			);
			runOnlyForDeploymentPostprocessing = 0;
		};
/* End PBXFrameworksBuildPhase section */

/* Begin PBXGroup section */
		7AC4811C1B16AD760099702F = {
			isa = PBXGroup;
			children = (
				7AC481271B16AD760099702F /* QRCapture */,
				7AC481411B16AD760099702F /* QRCaptureTests */,
				7AC481261B16AD760099702F /* Products */,
			);
			sourceTree = "<group>";
		};
		7AC481261B16AD760099702F /* Products */ = {
			isa = PBXGroup;
			children = (
				7AC481251B16AD760099702F /* QRCapture.app */,
				7AC4813E1B16AD760099702F /* QRCaptureTests.xctest */,
			);
			name = Products;
			sourceTree = "<group>";
		};
		7AC481271B16AD760099702F /* QRCapture */ = {
			isa = PBXGroup;
			children = (
				7AC4812C1B16AD760099702F /* AppDelegate.h */,
				7AC4812D1B16AD760099702F /* AppDelegate.m */,
				7AC4812F1B16AD760099702F /* QRCaptureViewController.h */,
				7AC481301B16AD760099702F /* QRCaptureViewController.m */,
				7AC4814E1B16AF550099702F /* QRCapturePreview.h */,
				7AC4814F1B16AF550099702F /* QRCapturePreview.m */,
				7AC481321B16AD760099702F /* Main.storyboard */,
				7AC481351B16AD760099702F /* Images.xcassets */,
				7AC481371B16AD760099702F /* LaunchScreen.xib */,
				7AC481281B16AD760099702F /* Supporting Files */,
			);
			path = QRCapture;
			sourceTree = "<group>";
		};
		7AC481281B16AD760099702F /* Supporting Files */ = {
			isa = PBXGroup;
			children = (
				7AC481291B16AD760099702F /* Info.plist */,
				7AC4812A1B16AD760099702F /* main.m */,
			);
			name = "Supporting Files";
			sourceTree = "<group>";
		};
		7AC481411B16AD760099702F /* QRCaptureTests */ = {
			isa = PBXGroup;
			children = (
				7AC481441B16AD760099702F /* QRCaptureTests.m */,
				7AC481421B16AD760099702F /* Supporting Files */,
			);
			path = QRCaptureTests;
			sourceTree = "<group>";
		};
		7AC481421B16AD760099702F /* Supporting Files */ = {
			isa = PBXGroup;
			children = (
				7AC481431B16AD760099702F /* Info.plist */,
			);
			name = "Supporting Files";
			sourceTree = "<group>";
		};
/* End PBXGroup section */

/* Begin PBXNativeTarget section */
		7AC481241B16AD760099702F /* QRCapture */ = {
			isa = PBXNativeTarget;
			buildConfigurationList = 7AC481481B16AD760099702F /* Build configuration list for PBXNativeTarget "QRCapture" */;
			buildPhases = (
				7AC481211B16AD760099702F /* Sources */,
				7AC481221B16AD760099702F /* Frameworks */,
				7AC481231B16AD760099702F /* Resources */,
			);
			buildRules = (
			);
			dependencies = (
			);
			name = QRCapture;
			productName = QRCapture;
			productReference = 7AC481251B16AD760099702F /* QRCapture.app */;
			productType = "com.apple.product-type.application";
		};
		7AC4813D1B16AD760099702F /* QRCaptureTests */ = {
			isa = PBXNativeTarget;
			buildConfigurationList = 7AC4814B1B16AD760099702F /* Build configuration list for PBXNativeTarget "QRCaptureTests" */;
			buildPhases = (
				7AC4813A1B16AD760099702F /* Sources */,
				7AC4813B1B16AD760099702F /* Frameworks */,
				7AC4813C1B16AD760099702F /* Resources */,
			);
			buildRules = (
			);
			dependencies = (
				7AC481401B16AD760099702F /* PBXTargetDependency */,
			);
			name = QRCaptureTests;
			productName = QRCaptureTests;
			productReference = 7AC4813E1B16AD760099702F /* QRCaptureTests.xctest */;
			productType = "com.apple.product-type.bundle.unit-test";
		};
/* End PBXNativeTarget section */

/* Begin PBXProject section */
		7AC4811D1B16AD760099702F /* Project object */ = {
			isa = PBXProject;
			attributes = {
				LastUpgradeCheck = 0630;
				ORGANIZATIONNAME = Zhan;
				TargetAttributes = {
					7AC481241B16AD760099702F = {
						CreatedOnToolsVersion = 6.3.1;
					};
					7AC4813D1B16AD760099702F = {
						CreatedOnToolsVersion = 6.3.1;
						TestTargetID = 7AC481241B16AD760099702F;
					};
				};
			};
			buildConfigurationList = 7AC481201B16AD760099702F /* Build configuration list for PBXProject "QRCapture" */;
			compatibilityVersion = "Xcode 3.2";
			developmentRegion = English;
			hasScannedForEncodings = 0;
			knownRegions = (
				en,
				Base,
			);
			mainGroup = 7AC4811C1B16AD760099702F;
			productRefGroup = 7AC481261B16AD760099702F /* Products */;
			projectDirPath = "";
			projectRoot = "";
			targets = (
				7AC481241B16AD760099702F /* QRCapture */,
				7AC4813D1B16AD760099702F /* QRCaptureTests */,
			);
		};
/* End PBXProject section */

/* Begin PBXResourcesBuildPhase section */
		7AC481231B16AD760099702F /* Resources */ = {
			isa = PBXResourcesBuildPhase;
			buildActionMask = 2147483647;
			files = (
				7AC481341B16AD760099702F /* Main.storyboard in Resources */,
				7AC481391B16AD760099702F /* LaunchScreen.xib in Resources */,
				7AC481361B16AD760099702F /* Images.xcassets in Resources */,
			);
			runOnlyForDeploymentPostprocessing = 0;
		};
		7AC4813C1B16AD760099702F /* Resources */ = {
			isa = PBXResourcesBuildPhase;
			buildActionMask = 2147483647;
			files = (
			);
			runOnlyForDeploymentPostprocessing = 0;
		};
/* End PBXResourcesBuildPhase section */

/* Begin PBXSourcesBuildPhase section */
		7AC481211B16AD760099702F /* Sources */ = {
			isa = PBXSourcesBuildPhase;
			buildActionMask = 2147483647;
			files = (
				7AC481311B16AD760099702F /* QRCaptureViewController.m in Sources */,
				7AC4812E1B16AD760099702F /* AppDelegate.m in Sources */,
				7AC481501B16AF550099702F /* QRCapturePreview.m in Sources */,
				7AC4812B1B16AD760099702F /* main.m in Sources */,
			);
			runOnlyForDeploymentPostprocessing = 0;
		};
		7AC4813A1B16AD760099702F /* Sources */ = {
			isa = PBXSourcesBuildPhase;
			buildActionMask = 2147483647;
			files = (
				7AC481451B16AD760099702F /* QRCaptureTests.m in Sources */,
			);
			runOnlyForDeploymentPostprocessing = 0;
		};
/* End PBXSourcesBuildPhase section */

/* Begin PBXTargetDependency section */
		7AC481401B16AD760099702F /* PBXTargetDependency */ = {
			isa = PBXTargetDependency;
			target = 7AC481241B16AD760099702F /* QRCapture */;
			targetProxy = 7AC4813F1B16AD760099702F /* PBXContainerItemProxy */;
		};
/* End PBXTargetDependency section */

/* Begin PBXVariantGroup section */
		7AC481321B16AD760099702F /* Main.storyboard */ = {
			isa = PBXVariantGroup;
			children = (
				7AC481331B16AD760099702F /* Base */,
			);
			name = Main.storyboard;
			sourceTree = "<group>";
		};
		7AC481371B16AD760099702F /* LaunchScreen.xib */ = {
			isa = PBXVariantGroup;
			children = (
				7AC481381B16AD760099702F /* Base */,
			);
			name = LaunchScreen.xib;
			sourceTree = "<group>";
		};
/* End PBXVariantGroup section */

/* Begin XCBuildConfiguration section */
		7AC481461B16AD760099702F /* Debug */ = {
			isa = XCBuildConfiguration;
			buildSettings = {
				ALWAYS_SEARCH_USER_PATHS = NO;
				CLANG_CXX_LANGUAGE_STANDARD = "gnu++0x";
				CLANG_CXX_LIBRARY = "libc++";
				CLANG_ENABLE_MODULES = YES;
				CLANG_ENABLE_OBJC_ARC = YES;
				CLANG_WARN_BOOL_CONVERSION = YES;
				CLANG_WARN_CONSTANT_CONVERSION = YES;
				CLANG_WARN_DIRECT_OBJC_ISA_USAGE = YES_ERROR;
				CLANG_WARN_EMPTY_BODY = YES;
				CLANG_WARN_ENUM_CONVERSION = YES;
				CLANG_WARN_INT_CONVERSION = YES;
				CLANG_WARN_OBJC_ROOT_CLASS = YES_ERROR;
				CLANG_WARN_UNREACHABLE_CODE = YES;
				CLANG_WARN__DUPLICATE_METHOD_MATCH = YES;
				"CODE_SIGN_IDENTITY[sdk=iphoneos*]" = "iPhone Developer";
				COPY_PHASE_STRIP = NO;
				DEBUG_INFORMATION_FORMAT = "dwarf-with-dsym";
				ENABLE_STRICT_OBJC_MSGSEND = YES;
				GCC_C_LANGUAGE_STANDARD = gnu99;
				GCC_DYNAMIC_NO_PIC = NO;
				GCC_NO_COMMON_BLOCKS = YES;
				GCC_OPTIMIZATION_LEVEL = 0;
				GCC_PREPROCESSOR_DEFINITIONS = (
					"DEBUG=1",
					"$(inherited)",
				);
				GCC_SYMBOLS_PRIVATE_EXTERN = NO;
				GCC_WARN_64_TO_32_BIT_CONVERSION = YES;
				GCC_WARN_ABOUT_RETURN_TYPE = YES_ERROR;
				GCC_WARN_UNDECLARED_SELECTOR = YES;
				GCC_WARN_UNINITIALIZED_AUTOS = YES_AGGRESSIVE;
				GCC_WARN_UNUSED_FUNCTION = YES;
				GCC_WARN_UNUSED_VARIABLE = YES;
				IPHONEOS_DEPLOYMENT_TARGET = 8.3;
				MTL_ENABLE_DEBUG_INFO = YES;
				ONLY_ACTIVE_ARCH = YES;
				SDKROOT = iphoneos;
			};
			name = Debug;
		};
		7AC481471B16AD760099702F /* Release */ = {
			isa = XCBuildConfiguration;
			buildSettings = {
				ALWAYS_SEARCH_USER_PATHS = NO;
				CLANG_CXX_LANGUAGE_STANDARD = "gnu++0x";
				CLANG_CXX_LIBRARY = "libc++";
				CLANG_ENABLE_MODULES = YES;
				CLANG_ENABLE_OBJC_ARC = YES;
				CLANG_WARN_BOOL_CONVERSION = YES;
				CLANG_WARN_CONSTANT_CONVERSION = YES;
				CLANG_WARN_DIRECT_OBJC_ISA_USAGE = YES_ERROR;
				CLANG_WARN_EMPTY_BODY = YES;
				CLANG_WARN_ENUM_CONVERSION = YES;
				CLANG_WARN_INT_CONVERSION = YES;
				CLANG_WARN_OBJC_ROOT_CLASS = YES_ERROR;
				CLANG_WARN_UNREACHABLE_CODE = YES;
				CLANG_WARN__DUPLICATE_METHOD_MATCH = YES;
				"CODE_SIGN_IDENTITY[sdk=iphoneos*]" = "iPhone Developer";
				COPY_PHASE_STRIP = NO;
				DEBUG_INFORMATION_FORMAT = "dwarf-with-dsym";
				ENABLE_NS_ASSERTIONS = NO;
				ENABLE_STRICT_OBJC_MSGSEND = YES;
				GCC_C_LANGUAGE_STANDARD = gnu99;
				GCC_NO_COMMON_BLOCKS = YES;
				GCC_WARN_64_TO_32_BIT_CONVERSION = YES;
				GCC_WARN_ABOUT_RETURN_TYPE = YES_ERROR;
				GCC_WARN_UNDECLARED_SELECTOR = YES;
				GCC_WARN_UNINITIALIZED_AUTOS = YES_AGGRESSIVE;
				GCC_WARN_UNUSED_FUNCTION = YES;
				GCC_WARN_UNUSED_VARIABLE = YES;
				IPHONEOS_DEPLOYMENT_TARGET = 8.3;
				MTL_ENABLE_DEBUG_INFO = NO;
				SDKROOT = iphoneos;
				VALIDATE_PRODUCT = YES;
			};
			name = Release;
		};
		7AC481491B16AD760099702F /* Debug */ = {
			isa = XCBuildConfiguration;
			buildSettings = {
				ASSETCATALOG_COMPILER_APPICON_NAME = AppIcon;
				ASSETCATALOG_COMPILER_LAUNCHIMAGE_NAME = LaunchImage;
				INFOPLIST_FILE = QRCapture/Info.plist;
				IPHONEOS_DEPLOYMENT_TARGET = 7.0;
				LD_RUNPATH_SEARCH_PATHS = "$(inherited) @executable_path/Frameworks";
				PRODUCT_NAME = "$(TARGET_NAME)";
			};
			name = Debug;
		};
		7AC4814A1B16AD760099702F /* Release */ = {
			isa = XCBuildConfiguration;
			buildSettings = {
				ASSETCATALOG_COMPILER_APPICON_NAME = AppIcon;
				ASSETCATALOG_COMPILER_LAUNCHIMAGE_NAME = LaunchImage;
				INFOPLIST_FILE = QRCapture/Info.plist;
				IPHONEOS_DEPLOYMENT_TARGET = 7.0;
				LD_RUNPATH_SEARCH_PATHS = "$(inherited) @executable_path/Frameworks";
				PRODUCT_NAME = "$(TARGET_NAME)";
			};
			name = Release;
		};
		7AC4814C1B16AD760099702F /* Debug */ = {
			isa = XCBuildConfiguration;
			buildSettings = {
				BUNDLE_LOADER = "$(TEST_HOST)";
				FRAMEWORK_SEARCH_PATHS = (
					"$(SDKROOT)/Developer/Library/Frameworks",
					"$(inherited)",
				);
				GCC_PREPROCESSOR_DEFINITIONS = (
					"DEBUG=1",
					"$(inherited)",
				);
				INFOPLIST_FILE = QRCaptureTests/Info.plist;
				LD_RUNPATH_SEARCH_PATHS = "$(inherited) @executable_path/Frameworks @loader_path/Frameworks";
				PRODUCT_NAME = "$(TARGET_NAME)";
				TEST_HOST = "$(BUILT_PRODUCTS_DIR)/QRCapture.app/QRCapture";
			};
			name = Debug;
		};
		7AC4814D1B16AD760099702F /* Release */ = {
			isa = XCBuildConfiguration;
			buildSettings = {
				BUNDLE_LOADER = "$(TEST_HOST)";
				FRAMEWORK_SEARCH_PATHS = (
					"$(SDKROOT)/Developer/Library/Frameworks",
					"$(inherited)",
				);
				INFOPLIST_FILE = QRCaptureTests/Info.plist;
				LD_RUNPATH_SEARCH_PATHS = "$(inherited) @executable_path/Frameworks @loader_path/Frameworks";
				PRODUCT_NAME = "$(TARGET_NAME)";
				TEST_HOST = "$(BUILT_PRODUCTS_DIR)/QRCapture.app/QRCapture";
			};
			name = Release;
		};
/* End XCBuildConfiguration section */

/* Begin XCConfigurationList section */
		7AC481201B16AD760099702F /* Build configuration list for PBXProject "QRCapture" */ = {
			isa = XCConfigurationList;
			buildConfigurations = (
				7AC481461B16AD760099702F /* Debug */,
				7AC481471B16AD760099702F /* Release */,
			);
			defaultConfigurationIsVisible = 0;
			defaultConfigurationName = Release;
		};
		7AC481481B16AD760099702F /* Build configuration list for PBXNativeTarget "QRCapture" */ = {
			isa = XCConfigurationList;
			buildConfigurations = (
				7AC481491B16AD760099702F /* Debug */,
				7AC4814A1B16AD760099702F /* Release */,
			);
			defaultConfigurationIsVisible = 0;
			defaultConfigurationName = Release;
		};
		7AC4814B1B16AD760099702F /* Build configuration list for PBXNativeTarget "QRCaptureTests" */ = {
			isa = XCConfigurationList;
			buildConfigurations = (
				7AC4814C1B16AD760099702F /* Debug */,
				7AC4814D1B16AD760099702F /* Release */,
			);
			defaultConfigurationIsVisible = 0;
			defaultConfigurationName = Release;
		};
/* End XCConfigurationList section */
	};
	rootObject = 7AC4811D1B16AD760099702F /* Project object */;
}
